{
  "version": 4,
  "terraform_version": "1.9.8",
  "serial": 8,
  "lineage": "77c34f76-e551-a4d9-26fd-a10fe051ecef",
  "outputs": {
    "ecr_repo_url": {
      "value": "537124977404.dkr.ecr.us-west-2.amazonaws.com/my-backend-repo",
      "type": "string"
    },
    "ecs_cluster_id": {
      "value": "arn:aws:ecs:us-west-2:537124977404:cluster/my-backend-cluster",
      "type": "string"
    }
  },
  "resources": [
    {
      "mode": "managed",
      "type": "aws_ecr_repository",
      "name": "backend_repo",
      "provider": "provider[\"registry.terraform.io/hashicorp/aws\"]",
      "instances": [
        {
          "schema_version": 0,
          "attributes": {
            "arn": "arn:aws:ecr:us-west-2:537124977404:repository/my-backend-repo",
            "encryption_configuration": [
              {
                "encryption_type": "AES256",
                "kms_key": ""
              }
            ],
            "force_delete": null,
            "id": "my-backend-repo",
            "image_scanning_configuration": [
              {
                "scan_on_push": false
              }
            ],
            "image_tag_mutability": "MUTABLE",
            "name": "my-backend-repo",
            "registry_id": "537124977404",
            "repository_url": "537124977404.dkr.ecr.us-west-2.amazonaws.com/my-backend-repo",
            "tags": {},
            "tags_all": {},
            "timeouts": null
          },
          "sensitive_attributes": [],
          "private": "eyJlMmJmYjczMC1lY2FhLTExZTYtOGY4OC0zNDM2M2JjN2M0YzAiOnsiZGVsZXRlIjoxMjAwMDAwMDAwMDAwfX0="
        }
      ]
    },
    {
      "mode": "managed",
      "type": "aws_ecs_cluster",
      "name": "backend_cluster",
      "provider": "provider[\"registry.terraform.io/hashicorp/aws\"]",
      "instances": [
        {
          "schema_version": 0,
          "attributes": {
            "arn": "arn:aws:ecs:us-west-2:537124977404:cluster/my-backend-cluster",
            "configuration": [],
            "id": "arn:aws:ecs:us-west-2:537124977404:cluster/my-backend-cluster",
            "name": "my-backend-cluster",
            "service_connect_defaults": [],
            "setting": [
              {
                "name": "containerInsights",
                "value": "disabled"
              }
            ],
            "tags": {},
            "tags_all": {}
          },
          "sensitive_attributes": [],
          "private": "bnVsbA=="
        }
      ]
    }
  ],
  "check_results": null
}
